// !$*UTF8*$!
{
	archiveVersion = 1;
	classes = {
	};
	objectVersion = 55;
	objects = {

/* Begin PBXBuildFile section */
		8342BF9D28DDCA56000C5621 /* AppDelegate.swift in Sources */ = {isa = PBXBuildFile; fileRef = 8342BF9C28DDCA56000C5621 /* AppDelegate.swift */; };
		8342BFA628DDCA57000C5621 /* Assets.xcassets in Resources */ = {isa = PBXBuildFile; fileRef = 8342BFA528DDCA57000C5621 /* Assets.xcassets */; };
		8342BFA928DDCA57000C5621 /* LaunchScreen.storyboard in Resources */ = {isa = PBXBuildFile; fileRef = 8342BFA728DDCA57000C5621 /* LaunchScreen.storyboard */; };
		8342BFB428DDCA57000C5621 /* WordGameTests.swift in Sources */ = {isa = PBXBuildFile; fileRef = 8342BFB328DDCA57000C5621 /* WordGameTests.swift */; };
		8342BFBE28DDCA57000C5621 /* WordGameUITests.swift in Sources */ = {isa = PBXBuildFile; fileRef = 8342BFBD28DDCA57000C5621 /* WordGameUITests.swift */; };
		8342BFC028DDCA57000C5621 /* WordGameUITestsLaunchTests.swift in Sources */ = {isa = PBXBuildFile; fileRef = 8342BFBF28DDCA57000C5621 /* WordGameUITestsLaunchTests.swift */; };
		8342BFCE28DDCA87000C5621 /* WordGameViewController.swift in Sources */ = {isa = PBXBuildFile; fileRef = 8342BFCC28DDCA87000C5621 /* WordGameViewController.swift */; };
		8342BFCF28DDCA87000C5621 /* WordGameViewController.xib in Resources */ = {isa = PBXBuildFile; fileRef = 8342BFCD28DDCA87000C5621 /* WordGameViewController.xib */; };
/* End PBXBuildFile section */

/* Begin PBXContainerItemProxy section */
		8342BFB028DDCA57000C5621 /* PBXContainerItemProxy */ = {
			isa = PBXContainerItemProxy;
			containerPortal = 8342BF9128DDCA56000C5621 /* Project object */;
			proxyType = 1;
			remoteGlobalIDString = 8342BF9828DDCA56000C5621;
			remoteInfo = WordGame;
		};
		8342BFBA28DDCA57000C5621 /* PBXContainerItemProxy */ = {
			isa = PBXContainerItemProxy;
			containerPortal = 8342BF9128DDCA56000C5621 /* Project object */;
			proxyType = 1;
			remoteGlobalIDString = 8342BF9828DDCA56000C5621;
			remoteInfo = WordGame;
		};
/* End PBXContainerItemProxy section */

/* Begin PBXFileReference section */
		8342BF9928DDCA56000C5621 /* WordGame.app */ = {isa = PBXFileReference; explicitFileType = wrapper.application; includeInIndex = 0; path = WordGame.app; sourceTree = BUILT_PRODUCTS_DIR; };
		8342BF9C28DDCA56000C5621 /* AppDelegate.swift */ = {isa = PBXFileReference; lastKnownFileType = sourcecode.swift; path = AppDelegate.swift; sourceTree = "<group>"; };
		8342BFA528DDCA57000C5621 /* Assets.xcassets */ = {isa = PBXFileReference; lastKnownFileType = folder.assetcatalog; path = Assets.xcassets; sourceTree = "<group>"; };
		8342BFA828DDCA57000C5621 /* Base */ = {isa = PBXFileReference; lastKnownFileType = file.storyboard; name = Base; path = Base.lproj/LaunchScreen.storyboard; sourceTree = "<group>"; };
		8342BFAA28DDCA57000C5621 /* Info.plist */ = {isa = PBXFileReference; lastKnownFileType = text.plist.xml; path = Info.plist; sourceTree = "<group>"; };
		8342BFAF28DDCA57000C5621 /* WordGameTests.xctest */ = {isa = PBXFileReference; explicitFileType = wrapper.cfbundle; includeInIndex = 0; path = WordGameTests.xctest; sourceTree = BUILT_PRODUCTS_DIR; };
		8342BFB328DDCA57000C5621 /* WordGameTests.swift */ = {isa = PBXFileReference; lastKnownFileType = sourcecode.swift; path = WordGameTests.swift; sourceTree = "<group>"; };
		8342BFB928DDCA57000C5621 /* WordGameUITests.xctest */ = {isa = PBXFileReference; explicitFileType = wrapper.cfbundle; includeInIndex = 0; path = WordGameUITests.xctest; sourceTree = BUILT_PRODUCTS_DIR; };
		8342BFBD28DDCA57000C5621 /* WordGameUITests.swift */ = {isa = PBXFileReference; lastKnownFileType = sourcecode.swift; path = WordGameUITests.swift; sourceTree = "<group>"; };
		8342BFBF28DDCA57000C5621 /* WordGameUITestsLaunchTests.swift */ = {isa = PBXFileReference; lastKnownFileType = sourcecode.swift; path = WordGameUITestsLaunchTests.swift; sourceTree = "<group>"; };
		8342BFCC28DDCA87000C5621 /* WordGameViewController.swift */ = {isa = PBXFileReference; lastKnownFileType = sourcecode.swift; path = WordGameViewController.swift; sourceTree = "<group>"; };
		8342BFCD28DDCA87000C5621 /* WordGameViewController.xib */ = {isa = PBXFileReference; lastKnownFileType = file.xib; path = WordGameViewController.xib; sourceTree = "<group>"; };
/* End PBXFileReference section */

/* Begin PBXFrameworksBuildPhase section */
		8342BF9628DDCA56000C5621 /* Frameworks */ = {
			isa = PBXFrameworksBuildPhase;
			buildActionMask = 2147483647;
			files = (
			);
			runOnlyForDeploymentPostprocessing = 0;
		};
		8342BFAC28DDCA57000C5621 /* Frameworks */ = {
			isa = PBXFrameworksBuildPhase;
			buildActionMask = 2147483647;
			files = (
			);
			runOnlyForDeploymentPostprocessing = 0;
		};
		8342BFB628DDCA57000C5621 /* Frameworks */ = {
			isa = PBXFrameworksBuildPhase;
			buildActionMask = 2147483647;
			files = (
			);
			runOnlyForDeploymentPostprocessing = 0;
		};
/* End PBXFrameworksBuildPhase section */

/* Begin PBXGroup section */
		8342BF9028DDCA56000C5621 = {
			isa = PBXGroup;
			children = (
				8342BF9B28DDCA56000C5621 /* WordGame */,
				8342BFB228DDCA57000C5621 /* WordGameTests */,
				8342BFBC28DDCA57000C5621 /* WordGameUITests */,
				8342BF9A28DDCA56000C5621 /* Products */,
			);
			sourceTree = "<group>";
		};
		8342BF9A28DDCA56000C5621 /* Products */ = {
			isa = PBXGroup;
			children = (
				8342BF9928DDCA56000C5621 /* WordGame.app */,
				8342BFAF28DDCA57000C5621 /* WordGameTests.xctest */,
				8342BFB928DDCA57000C5621 /* WordGameUITests.xctest */,
			);
			name = Products;
			sourceTree = "<group>";
		};
		8342BF9B28DDCA56000C5621 /* WordGame */ = {
			isa = PBXGroup;
			children = (
				8342BF9C28DDCA56000C5621 /* AppDelegate.swift */,
				8342BFA528DDCA57000C5621 /* Assets.xcassets */,
				8342BFA728DDCA57000C5621 /* LaunchScreen.storyboard */,
				8342BFAA28DDCA57000C5621 /* Info.plist */,
				8342BFCC28DDCA87000C5621 /* WordGameViewController.swift */,
				8342BFCD28DDCA87000C5621 /* WordGameViewController.xib */,
			);
			path = WordGame;
			sourceTree = "<group>";
		};
		8342BFB228DDCA57000C5621 /* WordGameTests */ = {
			isa = PBXGroup;
			children = (
				8342BFB328DDCA57000C5621 /* WordGameTests.swift */,
			);
			path = WordGameTests;
			sourceTree = "<group>";
		};
		8342BFBC28DDCA57000C5621 /* WordGameUITests */ = {
			isa = PBXGroup;
			children = (
				8342BFBD28DDCA57000C5621 /* WordGameUITests.swift */,
				8342BFBF28DDCA57000C5621 /* WordGameUITestsLaunchTests.swift */,
			);
			path = WordGameUITests;
			sourceTree = "<group>";
		};
/* End PBXGroup section */

/* Begin PBXNativeTarget section */
		8342BF9828DDCA56000C5621 /* WordGame */ = {
			isa = PBXNativeTarget;
			buildConfigurationList = 8342BFC328DDCA57000C5621 /* Build configuration list for PBXNativeTarget "WordGame" */;
			buildPhases = (
				8342BF9528DDCA56000C5621 /* Sources */,
				8342BF9628DDCA56000C5621 /* Frameworks */,
				8342BF9728DDCA56000C5621 /* Resources */,
			);
			buildRules = (
			);
			dependencies = (
			);
			name = WordGame;
			productName = WordGame;
			productReference = 8342BF9928DDCA56000C5621 /* WordGame.app */;
			productType = "com.apple.product-type.application";
		};
		8342BFAE28DDCA57000C5621 /* WordGameTests */ = {
			isa = PBXNativeTarget;
			buildConfigurationList = 8342BFC628DDCA57000C5621 /* Build configuration list for PBXNativeTarget "WordGameTests" */;
			buildPhases = (
				8342BFAB28DDCA57000C5621 /* Sources */,
				8342BFAC28DDCA57000C5621 /* Frameworks */,
				8342BFAD28DDCA57000C5621 /* Resources */,
			);
			buildRules = (
			);
			dependencies = (
				8342BFB128DDCA57000C5621 /* PBXTargetDependency */,
			);
			name = WordGameTests;
			productName = WordGameTests;
			productReference = 8342BFAF28DDCA57000C5621 /* WordGameTests.xctest */;
			productType = "com.apple.product-type.bundle.unit-test";
		};
		8342BFB828DDCA57000C5621 /* WordGameUITests */ = {
			isa = PBXNativeTarget;
			buildConfigurationList = 8342BFC928DDCA57000C5621 /* Build configuration list for PBXNativeTarget "WordGameUITests" */;
			buildPhases = (
				8342BFB528DDCA57000C5621 /* Sources */,
				8342BFB628DDCA57000C5621 /* Frameworks */,
				8342BFB728DDCA57000C5621 /* Resources */,
			);
			buildRules = (
			);
			dependencies = (
				8342BFBB28DDCA57000C5621 /* PBXTargetDependency */,
			);
			name = WordGameUITests;
			productName = WordGameUITests;
			productReference = 8342BFB928DDCA57000C5621 /* WordGameUITests.xctest */;
			productType = "com.apple.product-type.bundle.ui-testing";
		};
/* End PBXNativeTarget section */

/* Begin PBXProject section */
		8342BF9128DDCA56000C5621 /* Project object */ = {
			isa = PBXProject;
			attributes = {
				BuildIndependentTargetsInParallel = 1;
				LastSwiftUpdateCheck = 1340;
				LastUpgradeCheck = 1340;
				TargetAttributes = {
					8342BF9828DDCA56000C5621 = {
						CreatedOnToolsVersion = 13.4;
					};
					8342BFAE28DDCA57000C5621 = {
						CreatedOnToolsVersion = 13.4;
						TestTargetID = 8342BF9828DDCA56000C5621;
					};
					8342BFB828DDCA57000C5621 = {
						CreatedOnToolsVersion = 13.4;
						TestTargetID = 8342BF9828DDCA56000C5621;
					};
				};
			};
			buildConfigurationList = 8342BF9428DDCA56000C5621 /* Build configuration list for PBXProject "WordGame" */;
			compatibilityVersion = "Xcode 13.0";
			developmentRegion = en;
			hasScannedForEncodings = 0;
			knownRegions = (
				en,
				Base,
			);
			mainGroup = 8342BF9028DDCA56000C5621;
			productRefGroup = 8342BF9A28DDCA56000C5621 /* Products */;
			projectDirPath = "";
			projectRoot = "";
			targets = (
				8342BF9828DDCA56000C5621 /* WordGame */,
				8342BFAE28DDCA57000C5621 /* WordGameTests */,
				8342BFB828DDCA57000C5621 /* WordGameUITests */,
			);
		};
/* End PBXProject section */

/* Begin PBXResourcesBuildPhase section */
		8342BF9728DDCA56000C5621 /* Resources */ = {
			isa = PBXResourcesBuildPhase;
			buildActionMask = 2147483647;
			files = (
				8342BFA928DDCA57000C5621 /* LaunchScreen.storyboard in Resources */,
				8342BFCF28DDCA87000C5621 /* WordGameViewController.xib in Resources */,
				8342BFA628DDCA57000C5621 /* Assets.xcassets in Resources */,
			);
			runOnlyForDeploymentPostprocessing = 0;
		};
		8342BFAD28DDCA57000C5621 /* Resources */ = {
			isa = PBXResourcesBuildPhase;
			buildActionMask = 2147483647;
			files = (
			);
			runOnlyForDeploymentPostprocessing = 0;
		};
		8342BFB728DDCA57000C5621 /* Resources */ = {
			isa = PBXResourcesBuildPhase;
			buildActionMask = 2147483647;
			files = (
			);
			runOnlyForDeploymentPostprocessing = 0;
		};
/* End PBXResourcesBuildPhase section */

/* Begin PBXSourcesBuildPhase section */
		8342BF9528DDCA56000C5621 /* Sources */ = {
			isa = PBXSourcesBuildPhase;
			buildActionMask = 2147483647;
			files = (
				8342BFCE28DDCA87000C5621 /* WordGameViewController.swift in Sources */,
				8342BF9D28DDCA56000C5621 /* AppDelegate.swift in Sources */,
			);
			runOnlyForDeploymentPostprocessing = 0;
		};
		8342BFAB28DDCA57000C5621 /* Sources */ = {
			isa = PBXSourcesBuildPhase;
			buildActionMask = 2147483647;
			files = (
				8342BFB428DDCA57000C5621 /* WordGameTests.swift in Sources */,
			);
			runOnlyForDeploymentPostprocessing = 0;
		};
		8342BFB528DDCA57000C5621 /* Sources */ = {
			isa = PBXSourcesBuildPhase;
			buildActionMask = 2147483647;
			files = (
				8342BFC028DDCA57000C5621 /* WordGameUITestsLaunchTests.swift in Sources */,
				8342BFBE28DDCA57000C5621 /* WordGameUITests.swift in Sources */,
			);
			runOnlyForDeploymentPostprocessing = 0;
		};
/* End PBXSourcesBuildPhase section */

/* Begin PBXTargetDependency section */
		8342BFB128DDCA57000C5621 /* PBXTargetDependency */ = {
			isa = PBXTargetDependency;
			target = 8342BF9828DDCA56000C5621 /* WordGame */;
			targetProxy = 8342BFB028DDCA57000C5621 /* PBXContainerItemProxy */;
		};
		8342BFBB28DDCA57000C5621 /* PBXTargetDependency */ = {
			isa = PBXTargetDependency;
			target = 8342BF9828DDCA56000C5621 /* WordGame */;
			targetProxy = 8342BFBA28DDCA57000C5621 /* PBXContainerItemProxy */;
		};
/* End PBXTargetDependency section */

/* Begin PBXVariantGroup section */
		8342BFA728DDCA57000C5621 /* LaunchScreen.storyboard */ = {
			isa = PBXVariantGroup;
			children = (
				8342BFA828DDCA57000C5621 /* Base */,
			);
			name = LaunchScreen.storyboard;
			sourceTree = "<group>";
		};
/* End PBXVariantGroup section */

/* Begin XCBuildConfiguration section */
		8342BFC128DDCA57000C5621 /* Debug */ = {
			isa = XCBuildConfiguration;
			buildSettings = {
				ALWAYS_SEARCH_USER_PATHS = NO;
				CLANG_ANALYZER_NONNULL = YES;
				CLANG_ANALYZER_NUMBER_OBJECT_CONVERSION = YES_AGGRESSIVE;
				CLANG_CXX_LANGUAGE_STANDARD = "gnu++17";
				CLANG_ENABLE_MODULES = YES;
				CLANG_ENABLE_OBJC_ARC = YES;
				CLANG_ENABLE_OBJC_WEAK = YES;
				CLANG_WARN_BLOCK_CAPTURE_AUTORELEASING = YES;
				CLANG_WARN_BOOL_CONVERSION = YES;
				CLANG_WARN_COMMA = YES;
				CLANG_WARN_CONSTANT_CONVERSION = YES;
				CLANG_WARN_DEPRECATED_OBJC_IMPLEMENTATIONS = YES;
				CLANG_WARN_DIRECT_OBJC_ISA_USAGE = YES_ERROR;
				CLANG_WARN_DOCUMENTATION_COMMENTS = YES;
				CLANG_WARN_EMPTY_BODY = YES;
				CLANG_WARN_ENUM_CONVERSION = YES;
				CLANG_WARN_INFINITE_RECURSION = YES;
				CLANG_WARN_INT_CONVERSION = YES;
				CLANG_WARN_NON_LITERAL_NULL_CONVERSION = YES;
				CLANG_WARN_OBJC_IMPLICIT_RETAIN_SELF = YES;
				CLANG_WARN_OBJC_LITERAL_CONVERSION = YES;
				CLANG_WARN_OBJC_ROOT_CLASS = YES_ERROR;
				CLANG_WARN_QUOTED_INCLUDE_IN_FRAMEWORK_HEADER = YES;
				CLANG_WARN_RANGE_LOOP_ANALYSIS = YES;
				CLANG_WARN_STRICT_PROTOTYPES = YES;
				CLANG_WARN_SUSPICIOUS_MOVE = YES;
				CLANG_WARN_UNGUARDED_AVAILABILITY = YES_AGGRESSIVE;
				CLANG_WARN_UNREACHABLE_CODE = YES;
				CLANG_WARN__DUPLICATE_METHOD_MATCH = YES;
				COPY_PHASE_STRIP = NO;
				DEBUG_INFORMATION_FORMAT = dwarf;
				ENABLE_STRICT_OBJC_MSGSEND = YES;
				ENABLE_TESTABILITY = YES;
				GCC_C_LANGUAGE_STANDARD = gnu11;
				GCC_DYNAMIC_NO_PIC = NO;
				GCC_NO_COMMON_BLOCKS = YES;
				GCC_OPTIMIZATION_LEVEL = 0;
				GCC_PREPROCESSOR_DEFINITIONS = (
					"DEBUG=1",
					"$(inherited)",
				);
				GCC_WARN_64_TO_32_BIT_CONVERSION = YES;
				GCC_WARN_ABOUT_RETURN_TYPE = YES_ERROR;
				GCC_WARN_UNDECLARED_SELECTOR = YES;
				GCC_WARN_UNINITIALIZED_AUTOS = YES_AGGRESSIVE;
				GCC_WARN_UNUSED_FUNCTION = YES;
				GCC_WARN_UNUSED_VARIABLE = YES;
				IPHONEOS_DEPLOYMENT_TARGET = 15.5;
				MTL_ENABLE_DEBUG_INFO = INCLUDE_SOURCE;
				MTL_FAST_MATH = YES;
				ONLY_ACTIVE_ARCH = YES;
				SDKROOT = iphoneos;
				SWIFT_ACTIVE_COMPILATION_CONDITIONS = DEBUG;
				SWIFT_OPTIMIZATION_LEVEL = "-Onone";
			};
			name = Debug;
		};
		8342BFC228DDCA57000C5621 /* Release */ = {
			isa = XCBuildConfiguration;
			buildSettings = {
				ALWAYS_SEARCH_USER_PATHS = NO;
				CLANG_ANALYZER_NONNULL = YES;
				CLANG_ANALYZER_NUMBER_OBJECT_CONVERSION = YES_AGGRESSIVE;
				CLANG_CXX_LANGUAGE_STANDARD = "gnu++17";
				CLANG_ENABLE_MODULES = YES;
				CLANG_ENABLE_OBJC_ARC = YES;
				CLANG_ENABLE_OBJC_WEAK = YES;
				CLANG_WARN_BLOCK_CAPTURE_AUTORELEASING = YES;
				CLANG_WARN_BOOL_CONVERSION = YES;
				CLANG_WARN_COMMA = YES;
				CLANG_WARN_CONSTANT_CONVERSION = YES;
				CLANG_WARN_DEPRECATED_OBJC_IMPLEMENTATIONS = YES;
				CLANG_WARN_DIRECT_OBJC_ISA_USAGE = YES_ERROR;
				CLANG_WARN_DOCUMENTATION_COMMENTS = YES;
				CLANG_WARN_EMPTY_BODY = YES;
				CLANG_WARN_ENUM_CONVERSION = YES;
				CLANG_WARN_INFINITE_RECURSION = YES;
				CLANG_WARN_INT_CONVERSION = YES;
				CLANG_WARN_NON_LITERAL_NULL_CONVERSION = YES;
				CLANG_WARN_OBJC_IMPLICIT_RETAIN_SELF = YES;
				CLANG_WARN_OBJC_LITERAL_CONVERSION = YES;
				CLANG_WARN_OBJC_ROOT_CLASS = YES_ERROR;
				CLANG_WARN_QUOTED_INCLUDE_IN_FRAMEWORK_HEADER = YES;
				CLANG_WARN_RANGE_LOOP_ANALYSIS = YES;
				CLANG_WARN_STRICT_PROTOTYPES = YES;
				CLANG_WARN_SUSPICIOUS_MOVE = YES;
				CLANG_WARN_UNGUARDED_AVAILABILITY = YES_AGGRESSIVE;
				CLANG_WARN_UNREACHABLE_CODE = YES;
				CLANG_WARN__DUPLICATE_METHOD_MATCH = YES;
				COPY_PHASE_STRIP = NO;
				DEBUG_INFORMATION_FORMAT = "dwarf-with-dsym";
				ENABLE_NS_ASSERTIONS = NO;
				ENABLE_STRICT_OBJC_MSGSEND = YES;
				GCC_C_LANGUAGE_STANDARD = gnu11;
				GCC_NO_COMMON_BLOCKS = YES;
				GCC_WARN_64_TO_32_BIT_CONVERSION = YES;
				GCC_WARN_ABOUT_RETURN_TYPE = YES_ERROR;
				GCC_WARN_UNDECLARED_SELECTOR = YES;
				GCC_WARN_UNINITIALIZED_AUTOS = YES_AGGRESSIVE;
				GCC_WARN_UNUSED_FUNCTION = YES;
				GCC_WARN_UNUSED_VARIABLE = YES;
				IPHONEOS_DEPLOYMENT_TARGET = 15.5;
				MTL_ENABLE_DEBUG_INFO = NO;
				MTL_FAST_MATH = YES;
				SDKROOT = iphoneos;
				SWIFT_COMPILATION_MODE = wholemodule;
				SWIFT_OPTIMIZATION_LEVEL = "-O";
				VALIDATE_PRODUCT = YES;
			};
			name = Release;
		};
		8342BFC428DDCA57000C5621 /* Debug */ = {
			isa = XCBuildConfiguration;
			buildSettings = {
				ASSETCATALOG_COMPILER_APPICON_NAME = AppIcon;
				ASSETCATALOG_COMPILER_GLOBAL_ACCENT_COLOR_NAME = AccentColor;
				CODE_SIGN_STYLE = Automatic;
				CURRENT_PROJECT_VERSION = 1;
				GENERATE_INFOPLIST_FILE = YES;
				INFOPLIST_FILE = WordGame/Info.plist;
				INFOPLIST_KEY_UIApplicationSupportsIndirectInputEvents = YES;
				INFOPLIST_KEY_UILaunchStoryboardName = LaunchScreen;
				INFOPLIST_KEY_UISupportedInterfaceOrientations_iPad = "UIInterfaceOrientationPortrait UIInterfaceOrientationPortraitUpsideDown UIInterfaceOrientationLandscapeLeft UIInterfaceOrientationLandscapeRight";
				INFOPLIST_KEY_UISupportedInterfaceOrientations_iPhone = "UIInterfaceOrientationPortrait UIInterfaceOrientationLandscapeLeft UIInterfaceOrientationLandscapeRight";
				LD_RUNPATH_SEARCH_PATHS = (
					"$(inherited)",
					"@executable_path/Frameworks",
				);
				MARKETING_VERSION = 1.0;
				PRODUCT_BUNDLE_IDENTIFIER = com.application.gymondo.WordGame;
				PRODUCT_NAME = "$(TARGET_NAME)";
				SWIFT_EMIT_LOC_STRINGS = YES;
				SWIFT_VERSION = 5.0;
				TARGETED_DEVICE_FAMILY = "1,2";
			};
			name = Debug;
		};
		8342BFC528DDCA57000C5621 /* Release */ = {
			isa = XCBuildConfiguration;
			buildSettings = {
				ASSETCATALOG_COMPILER_APPICON_NAME = AppIcon;
				ASSETCATALOG_COMPILER_GLOBAL_ACCENT_COLOR_NAME = AccentColor;
				CODE_SIGN_STYLE = Automatic;
				CURRENT_PROJECT_VERSION = 1;
				GENERATE_INFOPLIST_FILE = YES;
				INFOPLIST_FILE = WordGame/Info.plist;
				INFOPLIST_KEY_UIApplicationSupportsIndirectInputEvents = YES;
				INFOPLIST_KEY_UILaunchStoryboardName = LaunchScreen;
				INFOPLIST_KEY_UISupportedInterfaceOrientations_iPad = "UIInterfaceOrientationPortrait UIInterfaceOrientationPortraitUpsideDown UIInterfaceOrientationLandscapeLeft UIInterfaceOrientationLandscapeRight";
				INFOPLIST_KEY_UISupportedInterfaceOrientations_iPhone = "UIInterfaceOrientationPortrait UIInterfaceOrientationLandscapeLeft UIInterfaceOrientationLandscapeRight";
				LD_RUNPATH_SEARCH_PATHS = (
					"$(inherited)",
					"@executable_path/Frameworks",
				);
				MARKETING_VERSION = 1.0;
				PRODUCT_BUNDLE_IDENTIFIER = com.application.gymondo.WordGame;
				PRODUCT_NAME = "$(TARGET_NAME)";
				SWIFT_EMIT_LOC_STRINGS = YES;
				SWIFT_VERSION = 5.0;
				TARGETED_DEVICE_FAMILY = "1,2";
			};
			name = Release;
		};
		8342BFC728DDCA57000C5621 /* Debug */ = {
			isa = XCBuildConfiguration;
			buildSettings = {
				ALWAYS_EMBED_SWIFT_STANDARD_LIBRARIES = YES;
				BUNDLE_LOADER = "$(TEST_HOST)";
				CODE_SIGN_STYLE = Automatic;
				CURRENT_PROJECT_VERSION = 1;
				GENERATE_INFOPLIST_FILE = YES;
				IPHONEOS_DEPLOYMENT_TARGET = 15.5;
				MARKETING_VERSION = 1.0;
				PRODUCT_BUNDLE_IDENTIFIER = com.application.gymondo.WordGameTests;
				PRODUCT_NAME = "$(TARGET_NAME)";
				SWIFT_EMIT_LOC_STRINGS = NO;
				SWIFT_VERSION = 5.0;
				TARGETED_DEVICE_FAMILY = "1,2";
				TEST_HOST = "$(BUILT_PRODUCTS_DIR)/WordGame.app/WordGame";
			};
			name = Debug;
		};
		8342BFC828DDCA57000C5621 /* Release */ = {
			isa = XCBuildConfiguration;
			buildSettings = {
				ALWAYS_EMBED_SWIFT_STANDARD_LIBRARIES = YES;
				BUNDLE_LOADER = "$(TEST_HOST)";
				CODE_SIGN_STYLE = Automatic;
				CURRENT_PROJECT_VERSION = 1;
				GENERATE_INFOPLIST_FILE = YES;
				IPHONEOS_DEPLOYMENT_TARGET = 15.5;
				MARKETING_VERSION = 1.0;
				PRODUCT_BUNDLE_IDENTIFIER = com.application.gymondo.WordGameTests;
				PRODUCT_NAME = "$(TARGET_NAME)";
				SWIFT_EMIT_LOC_STRINGS = NO;
				SWIFT_VERSION = 5.0;
				TARGETED_DEVICE_FAMILY = "1,2";
				TEST_HOST = "$(BUILT_PRODUCTS_DIR)/WordGame.app/WordGame";
			};
			name = Release;
		};
		8342BFCA28DDCA57000C5621 /* Debug */ = {
			isa = XCBuildConfiguration;
			buildSettings = {
				ALWAYS_EMBED_SWIFT_STANDARD_LIBRARIES = YES;
				CODE_SIGN_STYLE = Automatic;
				CURRENT_PROJECT_VERSION = 1;
				GENERATE_INFOPLIST_FILE = YES;
				MARKETING_VERSION = 1.0;
				PRODUCT_BUNDLE_IDENTIFIER = com.application.gymondo.WordGameUITests;
				PRODUCT_NAME = "$(TARGET_NAME)";
				SWIFT_EMIT_LOC_STRINGS = NO;
				SWIFT_VERSION = 5.0;
				TARGETED_DEVICE_FAMILY = "1,2";
				TEST_TARGET_NAME = WordGame;
			};
			name = Debug;
		};
		8342BFCB28DDCA57000C5621 /* Release */ = {
			isa = XCBuildConfiguration;
			buildSettings = {
				ALWAYS_EMBED_SWIFT_STANDARD_LIBRARIES = YES;
				CODE_SIGN_STYLE = Automatic;
				CURRENT_PROJECT_VERSION = 1;
				GENERATE_INFOPLIST_FILE = YES;
				MARKETING_VERSION = 1.0;
				PRODUCT_BUNDLE_IDENTIFIER = com.application.gymondo.WordGameUITests;
				PRODUCT_NAME = "$(TARGET_NAME)";
				SWIFT_EMIT_LOC_STRINGS = NO;
				SWIFT_VERSION = 5.0;
				TARGETED_DEVICE_FAMILY = "1,2";
				TEST_TARGET_NAME = WordGame;
			};
			name = Release;
		};
/* End XCBuildConfiguration section */

/* Begin XCConfigurationList section */
		8342BF9428DDCA56000C5621 /* Build configuration list for PBXProject "WordGame" */ = {
			isa = XCConfigurationList;
			buildConfigurations = (
				8342BFC128DDCA57000C5621 /* Debug */,
				8342BFC228DDCA57000C5621 /* Release */,
			);
			defaultConfigurationIsVisible = 0;
			defaultConfigurationName = Release;
		};
		8342BFC328DDCA57000C5621 /* Build configuration list for PBXNativeTarget "WordGame" */ = {
			isa = XCConfigurationList;
			buildConfigurations = (
				8342BFC428DDCA57000C5621 /* Debug */,
				8342BFC528DDCA57000C5621 /* Release */,
			);
			defaultConfigurationIsVisible = 0;
			defaultConfigurationName = Release;
		};
		8342BFC628DDCA57000C5621 /* Build configuration list for PBXNativeTarget "WordGameTests" */ = {
			isa = XCConfigurationList;
			buildConfigurations = (
				8342BFC728DDCA57000C5621 /* Debug */,
				8342BFC828DDCA57000C5621 /* Release */,
			);
			defaultConfigurationIsVisible = 0;
			defaultConfigurationName = Release;
		};
		8342BFC928DDCA57000C5621 /* Build configuration list for PBXNativeTarget "WordGameUITests" */ = {
			isa = XCConfigurationList;
			buildConfigurations = (
				8342BFCA28DDCA57000C5621 /* Debug */,
				8342BFCB28DDCA57000C5621 /* Release */,
			);
			defaultConfigurationIsVisible = 0;
			defaultConfigurationName = Release;
		};
/* End XCConfigurationList section */
	};
	rootObject = 8342BF9128DDCA56000C5621 /* Project object */;
}
